{
  "name": "test-module-with-lockfile",
  "version": "1.0.0",
  "lockfileVersion": 1,
  "requires": true,
  "dependencies": {
    "test-module": {
      "version": "1.1.0",
      "resolved": "http://localhost:3000/tarball/test-module-1.1.0.tgz",
      "integrity": "sha512-yVYHjiz+egJ2xVXthDi+uPDR5f71B7viUiglYwzj97W2NDPSkkvL1oITkAZeOqu2sitX2ywr3h8Fuzxp0srf6Q=="
    },
    "test-module-with-dependencies": {
      "version": "1.1.0",
      "resolved": "http://localhost:3000/tarball/test-module-with-dependencies-1.1.0.tgz",
      "integrity": "sha512-p5sqTcSG1y2aYtW595aRc9g/lRYXFkYA641Jbx58fCt/1d1/shk4tdprlxbdsD3tnvLjzjYT25qxEbp6Au4zIA==",
      "requires": {
        "test-module": "^1.1.0"
      }
    }
  }
}
